
Microsoft Visual Studio Solution File, Format Version 12.00
# Visual Studio 15
VisualStudioVersion = 15.0.27130.2036
MinimumVisualStudioVersion = 10.0.40219.1
Project("{9A19103F-16F7-4668-BE54-9A1E7A4F7556}") = "Fastnet.Webplayer", "Fastnet.Webplayer\Fastnet.Webplayer.csproj", "{D2B7E915-B3E8-47B4-8E51-92D5229EC1FB}"
EndProject
Project("{9A19103F-16F7-4668-BE54-9A1E7A4F7556}") = "Fastnet.WebPlayer.Tasks", "Fastnet.WebPlayer.Tasks\Fastnet.WebPlayer.Tasks.csproj", "{DE86D804-45A5-4988-B8F8-22B123D5D3E2}"
EndProject
Project("{FAE04EC0-301F-11D3-BF4B-00C04F79EFBC}") = "Fastnet.Webplayer.Data", "Fastnet.Webplayer.Data\Fastnet.Webplayer.Data.csproj", "{BFBC8CEA-54C4-4A86-9252-94F846F34EA3}"
EndProject
Global
	GlobalSection(SolutionConfigurationPlatforms) = preSolution
		Debug|Any CPU = Debug|Any CPU
		Release|Any CPU = Release|Any CPU
	EndGlobalSection
	GlobalSection(ProjectConfigurationPlatforms) = postSolution
		{D2B7E915-B3E8-47B4-8E51-92D5229EC1FB}.Debug|Any CPU.ActiveCfg = Debug|Any CPU
		{D2B7E915-B3E8-47B4-8E51-92D5229EC1FB}.Debug|Any CPU.Build.0 = Debug|Any CPU
		{D2B7E915-B3E8-47B4-8E51-92D5229EC1FB}.Release|Any CPU.ActiveCfg = Release|Any CPU
		{D2B7E915-B3E8-47B4-8E51-92D5229EC1FB}.Release|Any CPU.Build.0 = Release|Any CPU
		{DE86D804-45A5-4988-B8F8-22B123D5D3E2}.Debug|Any CPU.ActiveCfg = Debug|Any CPU
		{DE86D804-45A5-4988-B8F8-22B123D5D3E2}.Debug|Any CPU.Build.0 = Debug|Any CPU
		{DE86D804-45A5-4988-B8F8-22B123D5D3E2}.Release|Any CPU.ActiveCfg = Release|Any CPU
		{DE86D804-45A5-4988-B8F8-22B123D5D3E2}.Release|Any CPU.Build.0 = Release|Any CPU
		{BFBC8CEA-54C4-4A86-9252-94F846F34EA3}.Debug|Any CPU.ActiveCfg = Debug|Any CPU
		{BFBC8CEA-54C4-4A86-9252-94F846F34EA3}.Debug|Any CPU.Build.0 = Debug|Any CPU
		{BFBC8CEA-54C4-4A86-9252-94F846F34EA3}.Release|Any CPU.ActiveCfg = Release|Any CPU
		{BFBC8CEA-54C4-4A86-9252-94F846F34EA3}.Release|Any CPU.Build.0 = Release|Any CPU
	EndGlobalSection
	GlobalSection(SolutionProperties) = preSolution
		HideSolutionNode = FALSE
	EndGlobalSection
	GlobalSection(ExtensibilityGlobals) = postSolution
		SolutionGuid = {BEBBB337-761F-439A-8314-7ACEADE3C75E}
	EndGlobalSection
EndGlobal
